<?xml version="1.0" encoding="utf-8"?>
<Project ToolsVersion="4.0" xmlns="http://schemas.microsoft.com/developer/msbuild/2003">
  <ItemGroup>
    <ClCompile Include="src\testApp.cpp" />
    <ClCompile Include="src\main.cpp" />
    <ClCompile Include="..\..\..\addons\ofxTextInputField\src\ofxTextInputField.cpp">
      <Filter>addons\ofxTextInputField</Filter>
    </ClCompile>
    <ClCompile Include="..\..\..\addons\ofxGameCamera\src\ofxGameCamera.cpp">
      <Filter>addons\ofxGameCamera</Filter>
    </ClCompile>
    <ClCompile Include="..\..\..\addons\ofxCv\libs\ofxCv\src\Calibration.cpp">
      <Filter>addons\ofxCv</Filter>
    </ClCompile>
    <ClCompile Include="..\..\..\addons\ofxCv\libs\ofxCv\src\ContourFinder.cpp">
      <Filter>addons\ofxCv</Filter>
    </ClCompile>
    <ClCompile Include="..\..\..\addons\ofxCv\libs\ofxCv\src\Distance.cpp">
      <Filter>addons\ofxCv</Filter>
    </ClCompile>
    <ClCompile Include="..\..\..\addons\ofxCv\libs\ofxCv\src\Flow.cpp">
      <Filter>addons\ofxCv</Filter>
    </ClCompile>
    <ClCompile Include="..\..\..\addons\ofxCv\libs\ofxCv\src\Helpers.cpp">
      <Filter>addons\ofxCv</Filter>
    </ClCompile>
    <ClCompile Include="..\..\..\addons\ofxCv\libs\ofxCv\src\Tracker.cpp">
      <Filter>addons\ofxCv</Filter>
    </ClCompile>
    <ClCompile Include="..\..\..\addons\ofxCv\libs\ofxCv\src\Utilities.cpp">
      <Filter>addons\ofxCv</Filter>
    </ClCompile>
    <ClCompile Include="..\..\..\addons\ofxCv\libs\ofxCv\src\Wrappers.cpp">
      <Filter>addons\ofxCv</Filter>
    </ClCompile>
    <ClCompile Include="..\..\..\addons\ofxTimeline\src\ofxTimeline.cpp">
      <Filter>addons\ofxTimeline</Filter>
    </ClCompile>
    <ClCompile Include="..\..\..\addons\ofxTimeline\src\ofxTLColors.cpp">
      <Filter>addons\ofxTimeline</Filter>
    </ClCompile>
    <ClCompile Include="..\..\..\addons\ofxTimeline\src\ofxTLElement.cpp">
      <Filter>addons\ofxTimeline</Filter>
    </ClCompile>
    <ClCompile Include="..\..\..\addons\ofxTimeline\src\ofxTLElementHeader.cpp">
      <Filter>addons\ofxTimeline</Filter>
    </ClCompile>
    <ClCompile Include="..\..\..\addons\ofxTimeline\src\ofxTLEvents.cpp">
      <Filter>addons\ofxTimeline</Filter>
    </ClCompile>
    <ClCompile Include="..\..\..\addons\ofxTimeline\src\ofxTLImageSequence.cpp">
      <Filter>addons\ofxTimeline</Filter>
    </ClCompile>
    <ClCompile Include="..\..\..\addons\ofxTimeline\src\ofxTLImageSequenceFrame.cpp">
      <Filter>addons\ofxTimeline</Filter>
    </ClCompile>
    <ClCompile Include="..\..\..\addons\ofxTimeline\src\ofxTLKeyframer.cpp">
      <Filter>addons\ofxTimeline</Filter>
    </ClCompile>
    <ClCompile Include="..\..\..\addons\ofxTimeline\src\ofxTLPage.cpp">
      <Filter>addons\ofxTimeline</Filter>
    </ClCompile>
    <ClCompile Include="..\..\..\addons\ofxTimeline\src\ofxTLPageTabs.cpp">
      <Filter>addons\ofxTimeline</Filter>
    </ClCompile>
    <ClCompile Include="..\..\..\addons\ofxTimeline\src\ofxTLSwitcher.cpp">
      <Filter>addons\ofxTimeline</Filter>
    </ClCompile>
    <ClCompile Include="..\..\..\addons\ofxTimeline\src\ofxTLTicker.cpp">
      <Filter>addons\ofxTimeline</Filter>
    </ClCompile>
    <ClCompile Include="..\..\..\addons\ofxTimeline\src\ofxTLTrigger.cpp">
      <Filter>addons\ofxTimeline</Filter>
    </ClCompile>
    <ClCompile Include="..\..\..\addons\ofxTimeline\src\ofxTLVideoPlayer.cpp">
      <Filter>addons\ofxTimeline</Filter>
    </ClCompile>
    <ClCompile Include="..\..\..\addons\ofxTimeline\src\ofxTLVideoThumb.cpp">
      <Filter>addons\ofxTimeline</Filter>
    </ClCompile>
    <ClCompile Include="..\..\..\addons\ofxTimeline\src\ofxTLZoomer.cpp">
      <Filter>addons\ofxTimeline</Filter>
    </ClCompile>
    <ClCompile Include="..\..\..\addons\ofxMSAInteractiveObject\src\ofxMSAInteractiveObject.cpp">
      <Filter>addons\ofxMSAInteractiveObject</Filter>
    </ClCompile>
    <ClCompile Include="..\..\..\addons\ofxSimpleGuiToo\src\Controls\ofxSimpleGuiButton.cpp">
      <Filter>addons\ofxSimpleGuiToo</Filter>
    </ClCompile>
    <ClCompile Include="..\..\..\addons\ofxSimpleGuiToo\src\Controls\ofxSimpleGuiColorPicker.cpp">
      <Filter>addons\ofxSimpleGuiToo</Filter>
    </ClCompile>
    <ClCompile Include="..\..\..\addons\ofxSimpleGuiToo\src\Controls\ofxSimpleGuiComboBox.cpp">
      <Filter>addons\ofxSimpleGuiToo</Filter>
    </ClCompile>
    <ClCompile Include="..\..\..\addons\ofxSimpleGuiToo\src\Controls\ofxSimpleGuiContent.cpp">
      <Filter>addons\ofxSimpleGuiToo</Filter>
    </ClCompile>
    <ClCompile Include="..\..\..\addons\ofxSimpleGuiToo\src\Controls\ofxSimpleGuiFPSCounter.cpp">
      <Filter>addons\ofxSimpleGuiToo</Filter>
    </ClCompile>
    <ClCompile Include="..\..\..\addons\ofxSimpleGuiToo\src\Controls\ofxSimpleGuiMovieSlider.cpp">
      <Filter>addons\ofxSimpleGuiToo</Filter>
    </ClCompile>
    <ClCompile Include="..\..\..\addons\ofxSimpleGuiToo\src\Controls\ofxSimpleGuiQuadWarp.cpp">
      <Filter>addons\ofxSimpleGuiToo</Filter>
    </ClCompile>
    <ClCompile Include="..\..\..\addons\ofxSimpleGuiToo\src\Controls\ofxSimpleGuiSlider2d.cpp">
      <Filter>addons\ofxSimpleGuiToo</Filter>
    </ClCompile>
    <ClCompile Include="..\..\..\addons\ofxSimpleGuiToo\src\Controls\ofxSimpleGuiTitle.cpp">
      <Filter>addons\ofxSimpleGuiToo</Filter>
    </ClCompile>
    <ClCompile Include="..\..\..\addons\ofxSimpleGuiToo\src\Controls\ofxSimpleGuiToggle.cpp">
      <Filter>addons\ofxSimpleGuiToo</Filter>
    </ClCompile>
    <ClCompile Include="..\..\..\addons\ofxSimpleGuiToo\src\ofxSimpleGuiConfig.cpp">
      <Filter>addons\ofxSimpleGuiToo</Filter>
    </ClCompile>
    <ClCompile Include="..\..\..\addons\ofxSimpleGuiToo\src\ofxSimpleGuiControl.cpp">
      <Filter>addons\ofxSimpleGuiToo</Filter>
    </ClCompile>
    <ClCompile Include="..\..\..\addons\ofxSimpleGuiToo\src\ofxSimpleGuiPage.cpp">
      <Filter>addons\ofxSimpleGuiToo</Filter>
    </ClCompile>
    <ClCompile Include="..\..\..\addons\ofxSimpleGuiToo\src\ofxSimpleGuiToo.cpp">
      <Filter>addons\ofxSimpleGuiToo</Filter>
    </ClCompile>
    <ClCompile Include="..\..\..\addons\ofxSimpleGuiToo\src\ofxSimpleGuiValueControl.cpp">
      <Filter>addons\ofxSimpleGuiToo</Filter>
    </ClCompile>
    <ClCompile Include="..\..\..\addons\ofxRGBDepth\couples\ofxTimeline\ofxTLDepthImageSequence.cpp">
      <Filter>addons\ofxRGBDepth</Filter>
    </ClCompile>
    <ClCompile Include="..\..\..\addons\ofxRGBDepth\couples\ofxTimeline\ofxTLVideoDepthAlignmentScrubber.cpp">
      <Filter>addons\ofxRGBDepth</Filter>
    </ClCompile>
    <ClCompile Include="..\..\..\addons\ofxRGBDepth\src\ofxDepthImageCompressor.cpp">
      <Filter>addons\ofxRGBDepth</Filter>
    </ClCompile>
    <ClCompile Include="..\..\..\addons\ofxRGBDepth\src\ofxDepthImageRecorder.cpp">
      <Filter>addons\ofxRGBDepth</Filter>
    </ClCompile>
    <ClCompile Include="..\..\..\addons\ofxRGBDepth\src\ofxRGBDAlignment.cpp">
      <Filter>addons\ofxRGBDepth</Filter>
    </ClCompile>
    <ClCompile Include="..\..\..\addons\ofxRGBDepth\src\ofxRGBDRenderer.cpp">
      <Filter>addons\ofxRGBDepth</Filter>
    </ClCompile>
    <ClCompile Include="..\..\..\addons\ofxRGBDepth\src\ofxRGBDVideoDepthSequence.cpp">
      <Filter>addons\ofxRGBDepth</Filter>
    </ClCompile>
    <ClCompile Include="..\..\..\addons\ofxTween\src\Easings\ofxEasing.cpp">
      <Filter>addons\ofxTween</Filter>
    </ClCompile>
    <ClCompile Include="..\..\..\addons\ofxTween\src\Easings\ofxEasingBack.cpp">
      <Filter>addons\ofxTween</Filter>
    </ClCompile>
    <ClCompile Include="..\..\..\addons\ofxTween\src\Easings\ofxEasingBounce.cpp">
      <Filter>addons\ofxTween</Filter>
    </ClCompile>
    <ClCompile Include="..\..\..\addons\ofxTween\src\Easings\ofxEasingCirc.cpp">
      <Filter>addons\ofxTween</Filter>
    </ClCompile>
    <ClCompile Include="..\..\..\addons\ofxTween\src\Easings\ofxEasingCubic.cpp">
      <Filter>addons\ofxTween</Filter>
    </ClCompile>
    <ClCompile Include="..\..\..\addons\ofxTween\src\Easings\ofxEasingElastic.cpp">
      <Filter>addons\ofxTween</Filter>
    </ClCompile>
    <ClCompile Include="..\..\..\addons\ofxTween\src\Easings\ofxEasingExpo.cpp">
      <Filter>addons\ofxTween</Filter>
    </ClCompile>
    <ClCompile Include="..\..\..\addons\ofxTween\src\Easings\ofxEasingLinear.cpp">
      <Filter>addons\ofxTween</Filter>
    </ClCompile>
    <ClCompile Include="..\..\..\addons\ofxTween\src\Easings\ofxEasingQuad.cpp">
      <Filter>addons\ofxTween</Filter>
    </ClCompile>
    <ClCompile Include="..\..\..\addons\ofxTween\src\Easings\ofxEasingQuart.cpp">
      <Filter>addons\ofxTween</Filter>
    </ClCompile>
    <ClCompile Include="..\..\..\addons\ofxTween\src\Easings\ofxEasingQuint.cpp">
      <Filter>addons\ofxTween</Filter>
    </ClCompile>
    <ClCompile Include="..\..\..\addons\ofxTween\src\Easings\ofxEasingSine.cpp">
      <Filter>addons\ofxTween</Filter>
    </ClCompile>
    <ClCompile Include="..\..\..\addons\ofxTween\src\ofxTween.cpp">
      <Filter>addons\ofxTween</Filter>
    </ClCompile>
    <ClCompile Include="..\..\..\addons\ofxCameraTrack\couples\ofxTimeline\ofxTLCameraTrack.cpp">
      <Filter>addons\ofxCameraTrack</Filter>
    </ClCompile>
    <ClCompile Include="..\..\..\addons\ofxCameraTrack\src\ofxCameraTrack.cpp">
      <Filter>addons\ofxCameraTrack</Filter>
    </ClCompile>
    <ClCompile Include="..\..\..\addons\ofxXmlSettings\libs\tinyxml.cpp">
      <Filter>addons\ofxXmlSettings</Filter>
    </ClCompile>
    <ClCompile Include="..\..\..\addons\ofxXmlSettings\libs\tinyxmlerror.cpp">
      <Filter>addons\ofxXmlSettings</Filter>
    </ClCompile>
    <ClCompile Include="..\..\..\addons\ofxXmlSettings\libs\tinyxmlparser.cpp">
      <Filter>addons\ofxXmlSettings</Filter>
    </ClCompile>
    <ClCompile Include="..\..\..\addons\ofxXmlSettings\src\ofxXmlSettings.cpp">
      <Filter>addons\ofxXmlSettings</Filter>
    </ClCompile>
  </ItemGroup>
  <ItemGroup>
    <ClInclude Include="src\testApp.h" />
    <ClInclude Include="..\..\..\addons\ofxRange\ofRange.h">
      <Filter>addons\ofxRange</Filter>
    </ClInclude>
    <ClInclude Include="..\..\..\addons\ofxTextInputField\src\ofxTextInputField.h">
      <Filter>addons\ofxTextInputField</Filter>
    </ClInclude>
    <ClInclude Include="..\..\..\addons\ofxGameCamera\src\ofxGameCamera.h">
      <Filter>addons\ofxGameCamera</Filter>
    </ClInclude>
    <ClInclude Include="..\..\..\addons\ofxCv\libs\ofxCv\include\ofxCv\Calibration.h">
      <Filter>addons\ofxCv</Filter>
    </ClInclude>
    <ClInclude Include="..\..\..\addons\ofxCv\libs\ofxCv\include\ofxCv\ContourFinder.h">
      <Filter>addons\ofxCv</Filter>
    </ClInclude>
    <ClInclude Include="..\..\..\addons\ofxCv\libs\ofxCv\include\ofxCv\Distance.h">
      <Filter>addons\ofxCv</Filter>
    </ClInclude>
    <ClInclude Include="..\..\..\addons\ofxCv\libs\ofxCv\include\ofxCv\Flow.h">
      <Filter>addons\ofxCv</Filter>
    </ClInclude>
    <ClInclude Include="..\..\..\addons\ofxCv\libs\ofxCv\include\ofxCv\Helpers.h">
      <Filter>addons\ofxCv</Filter>
    </ClInclude>
    <ClInclude Include="..\..\..\addons\ofxCv\libs\ofxCv\include\ofxCv\Tracker.h">
      <Filter>addons\ofxCv</Filter>
    </ClInclude>
    <ClInclude Include="..\..\..\addons\ofxCv\libs\ofxCv\include\ofxCv\Utilities.h">
      <Filter>addons\ofxCv</Filter>
    </ClInclude>
    <ClInclude Include="..\..\..\addons\ofxCv\libs\ofxCv\include\ofxCv\Wrappers.h">
      <Filter>addons\ofxCv</Filter>
    </ClInclude>
    <ClInclude Include="..\..\..\addons\ofxCv\src\ofxCv.h">
      <Filter>addons\ofxCv</Filter>
    </ClInclude>
    <ClInclude Include="..\..\..\addons\ofxTimeline\src\ofxTimeline.h">
      <Filter>addons\ofxTimeline</Filter>
    </ClInclude>
    <ClInclude Include="..\..\..\addons\ofxTimeline\src\ofxTLColors.h">
      <Filter>addons\ofxTimeline</Filter>
    </ClInclude>
    <ClInclude Include="..\..\..\addons\ofxTimeline\src\ofxTLElement.h">
      <Filter>addons\ofxTimeline</Filter>
    </ClInclude>
    <ClInclude Include="..\..\..\addons\ofxTimeline\src\ofxTLElementHeader.h">
      <Filter>addons\ofxTimeline</Filter>
    </ClInclude>
    <ClInclude Include="..\..\..\addons\ofxTimeline\src\ofxTLEvents.h">
      <Filter>addons\ofxTimeline</Filter>
    </ClInclude>
    <ClInclude Include="..\..\..\addons\ofxTimeline\src\ofxTLImageSequence.h">
      <Filter>addons\ofxTimeline</Filter>
    </ClInclude>
    <ClInclude Include="..\..\..\addons\ofxTimeline\src\ofxTLImageSequenceFrame.h">
      <Filter>addons\ofxTimeline</Filter>
    </ClInclude>
    <ClInclude Include="..\..\..\addons\ofxTimeline\src\ofxTLKeyframer.h">
      <Filter>addons\ofxTimeline</Filter>
    </ClInclude>
    <ClInclude Include="..\..\..\addons\ofxTimeline\src\ofxTLPage.h">
      <Filter>addons\ofxTimeline</Filter>
    </ClInclude>
    <ClInclude Include="..\..\..\addons\ofxTimeline\src\ofxTLPageTabs.h">
      <Filter>addons\ofxTimeline</Filter>
    </ClInclude>
    <ClInclude Include="..\..\..\addons\ofxTimeline\src\ofxTLSwitcher.h">
      <Filter>addons\ofxTimeline</Filter>
    </ClInclude>
    <ClInclude Include="..\..\..\addons\ofxTimeline\src\ofxTLTicker.h">
      <Filter>addons\ofxTimeline</Filter>
    </ClInclude>
    <ClInclude Include="..\..\..\addons\ofxTimeline\src\ofxTLTrigger.h">
      <Filter>addons\ofxTimeline</Filter>
    </ClInclude>
    <ClInclude Include="..\..\..\addons\ofxTimeline\src\ofxTLUtils.h">
      <Filter>addons\ofxTimeline</Filter>
    </ClInclude>
    <ClInclude Include="..\..\..\addons\ofxTimeline\src\ofxTLVideoPlayer.h">
      <Filter>addons\ofxTimeline</Filter>
    </ClInclude>
    <ClInclude Include="..\..\..\addons\ofxTimeline\src\ofxTLVideoThumb.h">
      <Filter>addons\ofxTimeline</Filter>
    </ClInclude>
    <ClInclude Include="..\..\..\addons\ofxTimeline\src\ofxTLZoomer.h">
      <Filter>addons\ofxTimeline</Filter>
    </ClInclude>
    <ClInclude Include="..\..\..\addons\ofxMSAInteractiveObject\src\ofxMSAInteractiveObjectDelegate.h">
      <Filter>addons\ofxMSAInteractiveObject</Filter>
    </ClInclude>
    <ClInclude Include="..\..\..\addons\ofxMSAInteractiveObject\src\ofxMSAInteractiveObject.h">
      <Filter>addons\ofxMSAInteractiveObject</Filter>
    </ClInclude>
    <ClInclude Include="..\..\..\addons\ofxSimpleGuiToo\src\ofxSimpleGuiValueControl.h">
      <Filter>addons\ofxSimpleGuiToo</Filter>
    </ClInclude>
    <ClInclude Include="..\..\..\addons\ofxSimpleGuiToo\src\Controls\ofxSimpleGuiButton.h">
      <Filter>addons\ofxSimpleGuiToo</Filter>
    </ClInclude>
    <ClInclude Include="..\..\..\addons\ofxSimpleGuiToo\src\Controls\ofxSimpleGuiColorPicker.h">
      <Filter>addons\ofxSimpleGuiToo</Filter>
    </ClInclude>
    <ClInclude Include="..\..\..\addons\ofxSimpleGuiToo\src\Controls\ofxSimpleGuiComboBox.h">
      <Filter>addons\ofxSimpleGuiToo</Filter>
    </ClInclude>
    <ClInclude Include="..\..\..\addons\ofxSimpleGuiToo\src\Controls\ofxSimpleGuiContent.h">
      <Filter>addons\ofxSimpleGuiToo</Filter>
    </ClInclude>
    <ClInclude Include="..\..\..\addons\ofxSimpleGuiToo\src\Controls\ofxSimpleGuiFPSCounter.h">
      <Filter>addons\ofxSimpleGuiToo</Filter>
    </ClInclude>
    <ClInclude Include="..\..\..\addons\ofxSimpleGuiToo\src\Controls\ofxSimpleGuiMovieSlider.h">
      <Filter>addons\ofxSimpleGuiToo</Filter>
    </ClInclude>
    <ClInclude Include="..\..\..\addons\ofxSimpleGuiToo\src\Controls\ofxSimpleGuiQuadWarp.h">
      <Filter>addons\ofxSimpleGuiToo</Filter>
    </ClInclude>
    <ClInclude Include="..\..\..\addons\ofxSimpleGuiToo\src\Controls\ofxSimpleGuiSlider2d.h">
      <Filter>addons\ofxSimpleGuiToo</Filter>
    </ClInclude>
    <ClInclude Include="..\..\..\addons\ofxSimpleGuiToo\src\Controls\ofxSimpleGuiSliderBase.h">
      <Filter>addons\ofxSimpleGuiToo</Filter>
    </ClInclude>
    <ClInclude Include="..\..\..\addons\ofxSimpleGuiToo\src\Controls\ofxSimpleGuiSliderFloat.h">
      <Filter>addons\ofxSimpleGuiToo</Filter>
    </ClInclude>
    <ClInclude Include="..\..\..\addons\ofxSimpleGuiToo\src\Controls\ofxSimpleGuiSliderInt.h">
      <Filter>addons\ofxSimpleGuiToo</Filter>
    </ClInclude>
    <ClInclude Include="..\..\..\addons\ofxSimpleGuiToo\src\Controls\ofxSimpleGuiTitle.h">
      <Filter>addons\ofxSimpleGuiToo</Filter>
    </ClInclude>
    <ClInclude Include="..\..\..\addons\ofxSimpleGuiToo\src\Controls\ofxSimpleGuiToggle.h">
      <Filter>addons\ofxSimpleGuiToo</Filter>
    </ClInclude>
    <ClInclude Include="..\..\..\addons\ofxSimpleGuiToo\src\ofxSimpleGuiConfig.h">
      <Filter>addons\ofxSimpleGuiToo</Filter>
    </ClInclude>
    <ClInclude Include="..\..\..\addons\ofxSimpleGuiToo\src\ofxSimpleGuiControl.h">
      <Filter>addons\ofxSimpleGuiToo</Filter>
    </ClInclude>
    <ClInclude Include="..\..\..\addons\ofxSimpleGuiToo\src\ofxSimpleGuiIncludes.h">
      <Filter>addons\ofxSimpleGuiToo</Filter>
    </ClInclude>
    <ClInclude Include="..\..\..\addons\ofxSimpleGuiToo\src\ofxSimpleGuiPage.h">
      <Filter>addons\ofxSimpleGuiToo</Filter>
    </ClInclude>
    <ClInclude Include="..\..\..\addons\ofxSimpleGuiToo\src\ofxSimpleGuiToo.h">
      <Filter>addons\ofxSimpleGuiToo</Filter>
    </ClInclude>
    <ClInclude Include="..\..\..\addons\ofxRGBDepth\couples\ofxTimeline\ofxTLDepthImageSequence.h">
      <Filter>addons\ofxRGBDepth</Filter>
    </ClInclude>
    <ClInclude Include="..\..\..\addons\ofxRGBDepth\couples\ofxTimeline\ofxTLVideoDepthAlignmentScrubber.h">
      <Filter>addons\ofxRGBDepth</Filter>
    </ClInclude>
    <ClInclude Include="..\..\..\addons\ofxRGBDepth\src\ofxDepthImageCompressor.h">
      <Filter>addons\ofxRGBDepth</Filter>
    </ClInclude>
    <ClInclude Include="..\..\..\addons\ofxRGBDepth\src\ofxDepthImageRecorder.h">
      <Filter>addons\ofxRGBDepth</Filter>
    </ClInclude>
    <ClInclude Include="..\..\..\addons\ofxRGBDepth\src\ofxRGBDAlignment.h">
      <Filter>addons\ofxRGBDepth</Filter>
    </ClInclude>
    <ClInclude Include="..\..\..\addons\ofxRGBDepth\src\ofxRGBDRenderer.h">
      <Filter>addons\ofxRGBDepth</Filter>
    </ClInclude>
    <ClInclude Include="..\..\..\addons\ofxRGBDepth\src\ofxRGBDVideoDepthSequence.h">
      <Filter>addons\ofxRGBDepth</Filter>
    </ClInclude>
    <ClInclude Include="..\..\..\addons\ofxTween\src\Easings\ofxEasing.h">
      <Filter>addons\ofxTween</Filter>
    </ClInclude>
    <ClInclude Include="..\..\..\addons\ofxTween\src\Easings\ofxEasingBack.h">
      <Filter>addons\ofxTween</Filter>
    </ClInclude>
    <ClInclude Include="..\..\..\addons\ofxTween\src\Easings\ofxEasingBounce.h">
      <Filter>addons\ofxTween</Filter>
    </ClInclude>
    <ClInclude Include="..\..\..\addons\ofxTween\src\Easings\ofxEasingCirc.h">
      <Filter>addons\ofxTween</Filter>
    </ClInclude>
    <ClInclude Include="..\..\..\addons\ofxTween\src\Easings\ofxEasingCubic.h">
      <Filter>addons\ofxTween</Filter>
    </ClInclude>
    <ClInclude Include="..\..\..\addons\ofxTween\src\Easings\ofxEasingElastic.h">
      <Filter>addons\ofxTween</Filter>
    </ClInclude>
    <ClInclude Include="..\..\..\addons\ofxTween\src\Easings\ofxEasingExpo.h">
      <Filter>addons\ofxTween</Filter>
    </ClInclude>
    <ClInclude Include="..\..\..\addons\ofxTween\src\Easings\ofxEasingLinear.h">
      <Filter>addons\ofxTween</Filter>
    </ClInclude>
    <ClInclude Include="..\..\..\addons\ofxTween\src\Easings\ofxEasingQuad.h">
      <Filter>addons\ofxTween</Filter>
    </ClInclude>
    <ClInclude Include="..\..\..\addons\ofxTween\src\Easings\ofxEasingQuart.h">
      <Filter>addons\ofxTween</Filter>
    </ClInclude>
    <ClInclude Include="..\..\..\addons\ofxTween\src\Easings\ofxEasingQuint.h">
      <Filter>addons\ofxTween</Filter>
    </ClInclude>
    <ClInclude Include="..\..\..\addons\ofxTween\src\Easings\ofxEasingSine.h">
      <Filter>addons\ofxTween</Filter>
    </ClInclude>
    <ClInclude Include="..\..\..\addons\ofxTween\src\ofxTween.h">
      <Filter>addons\ofxTween</Filter>
    </ClInclude>
    <ClInclude Include="..\..\..\addons\ofxCameraTrack\couples\ofxTimeline\ofxTLCameraTrack.h">
      <Filter>addons\ofxCameraTrack</Filter>
    </ClInclude>
    <ClInclude Include="..\..\..\addons\ofxCameraTrack\src\ofxCameraTrack.h">
      <Filter>addons\ofxCameraTrack</Filter>
    </ClInclude>
    <ClInclude Include="..\..\..\addons\ofxXmlSettings\libs\tinyxml.h">
      <Filter>addons\ofxXmlSettings</Filter>
    </ClInclude>
    <ClInclude Include="..\..\..\addons\ofxXmlSettings\src\ofxXmlSettings.h">
      <Filter>addons\ofxXmlSettings</Filter>
    </ClInclude>
  </ItemGroup>
  <ItemGroup>
    <Filter Include="addons">
      <UniqueIdentifier>{d79abca0-5b91-4000-9e03-3b535f96d5b9}</UniqueIdentifier>
    </Filter>
    <Filter Include="addons\ofxRGBDepth">
      <UniqueIdentifier>{69d7e7fd-4a5c-458f-828e-07bb56947bf0}</UniqueIdentifier>
    </Filter>
    <Filter Include="addons\ofxSimpleGuiToo">
      <UniqueIdentifier>{69d7e7fd-4a5c-458f-828e-07bb56947bf1}</UniqueIdentifier>
    </Filter>
    <Filter Include="addons\ofxGameCamera">
      <UniqueIdentifier>{69d7e7fd-4a5c-458f-828e-07bb56947bf2}</UniqueIdentifier>
    </Filter>
    <Filter Include="addons\ofxTimeline">
      <UniqueIdentifier>{69d7e7fd-4a5c-458f-828e-07bb56947bf3}</UniqueIdentifier>
    </Filter>
    <Filter Include="addons\ofxRange">
      <UniqueIdentifier>{69d7e7fd-4a5c-458f-828e-07bb56947bf4}</UniqueIdentifier>
    </Filter>
    <Filter Include="addons\ofxTextInputField">
      <UniqueIdentifier>{69d7e7fd-4a5c-458f-828e-07bb56947bf5}</UniqueIdentifier>
    </Filter>
    <Filter Include="addons\ofxMSAInteractiveObject">
      <UniqueIdentifier>{69d7e7fd-4a5c-458f-828e-07bb56947bf6}</UniqueIdentifier>
    </Filter>
    <Filter Include="addons\ofxTween">
      <UniqueIdentifier>{69d7e7fd-4a5c-458f-828e-07bb56947bf7}</UniqueIdentifier>
    </Filter>
    <Filter Include="addons\ofxCv">
      <UniqueIdentifier>{69d7e7fd-4a5c-458f-828e-07bb56947bf7}</UniqueIdentifier>
    </Filter>
    <Filter Include="addons\ofxCameraTrack">
      <UniqueIdentifier>{4d521fa7-46a8-4541-bcbb-b4c684f43ed9}</UniqueIdentifier>
    </Filter>
    <Filter Include="addons\ofxXmlSettings">
      <UniqueIdentifier>{1de9e03b-7c9e-4e0f-b717-760ccabd3eaa}</UniqueIdentifier>
    </Filter>
  </ItemGroup>
  <ItemGroup>
    <None Include="..\..\..\addons\ofxTween\src\Easings\easing_terms_of_use.html">
      <Filter>addons\ofxTween</Filter>
    </None>
  </ItemGroup>
</Project>