<?xml version="1.0" encoding="utf-8"?>
<Project ToolsVersion="4.0" xmlns="http://schemas.microsoft.com/developer/msbuild/2003">
  <ItemGroup>
    <ClCompile Include="src\testApp.cpp" />
    <ClCompile Include="src\main.cpp" />
    <ClCompile Include="..\..\..\addons\ofxCv\libs\ofxCv\src\Calibration.cpp">
      <Filter>addons\ofxCv</Filter>
    </ClCompile>
    <ClCompile Include="..\..\..\addons\ofxCv\libs\ofxCv\src\ContourFinder.cpp">
      <Filter>addons\ofxCv</Filter>
    </ClCompile>
    <ClCompile Include="..\..\..\addons\ofxCv\libs\ofxCv\src\Distance.cpp">
      <Filter>addons\ofxCv</Filter>
    </ClCompile>
    <ClCompile Include="..\..\..\addons\ofxCv\libs\ofxCv\src\Flow.cpp">
      <Filter>addons\ofxCv</Filter>
    </ClCompile>
    <ClCompile Include="..\..\..\addons\ofxCv\libs\ofxCv\src\Helpers.cpp">
      <Filter>addons\ofxCv</Filter>
    </ClCompile>
    <ClCompile Include="..\..\..\addons\ofxCv\libs\ofxCv\src\Tracker.cpp">
      <Filter>addons\ofxCv</Filter>
    </ClCompile>
    <ClCompile Include="..\..\..\addons\ofxCv\libs\ofxCv\src\Utilities.cpp">
      <Filter>addons\ofxCv</Filter>
    </ClCompile>
    <ClCompile Include="..\..\..\addons\ofxCv\libs\ofxCv\src\Wrappers.cpp">
      <Filter>addons\ofxCv</Filter>
    </ClCompile>
    <ClCompile Include="..\..\..\addons\ofxMSAInteractiveObject\src\ofxMSAInteractiveObject.cpp">
      <Filter>addons\ofxMSAInteractiveObject</Filter>
    </ClCompile>
    <ClCompile Include="..\..\..\addons\ofxRGBDepth\src\ofxRGBDAlignment.cpp">
      <Filter>addons\ofxRGBDepth</Filter>
    </ClCompile>
    <ClCompile Include="..\..\..\addons\ofxXmlSettings\libs\tinyxml.cpp">
      <Filter>addons\ofxXmlSettings</Filter>
    </ClCompile>
    <ClCompile Include="..\..\..\addons\ofxXmlSettings\libs\tinyxmlerror.cpp">
      <Filter>addons\ofxXmlSettings</Filter>
    </ClCompile>
    <ClCompile Include="..\..\..\addons\ofxXmlSettings\libs\tinyxmlparser.cpp">
      <Filter>addons\ofxXmlSettings</Filter>
    </ClCompile>
    <ClCompile Include="..\..\..\addons\ofxXmlSettings\src\ofxXmlSettings.cpp">
      <Filter>addons\ofxXmlSettings</Filter>
    </ClCompile>
    <ClCompile Include="..\..\..\addons\ofxRGBDepth\src\ofxCvCheckerboardPreview.cpp">
      <Filter>addons\ofxRGBDepth</Filter>
    </ClCompile>
  </ItemGroup>
  <ItemGroup>
    <ClInclude Include="src\testApp.h" />
    <ClInclude Include="..\..\..\addons\ofxRange\ofRange.h">
      <Filter>addons\ofxRange</Filter>
    </ClInclude>
    <ClInclude Include="..\..\..\addons\ofxCv\libs\ofxCv\include\ofxCv\Calibration.h">
      <Filter>addons\ofxCv</Filter>
    </ClInclude>
    <ClInclude Include="..\..\..\addons\ofxCv\libs\ofxCv\include\ofxCv\ContourFinder.h">
      <Filter>addons\ofxCv</Filter>
    </ClInclude>
    <ClInclude Include="..\..\..\addons\ofxCv\libs\ofxCv\include\ofxCv\Distance.h">
      <Filter>addons\ofxCv</Filter>
    </ClInclude>
    <ClInclude Include="..\..\..\addons\ofxCv\libs\ofxCv\include\ofxCv\Flow.h">
      <Filter>addons\ofxCv</Filter>
    </ClInclude>
    <ClInclude Include="..\..\..\addons\ofxCv\libs\ofxCv\include\ofxCv\Helpers.h">
      <Filter>addons\ofxCv</Filter>
    </ClInclude>
    <ClInclude Include="..\..\..\addons\ofxCv\libs\ofxCv\include\ofxCv\Tracker.h">
      <Filter>addons\ofxCv</Filter>
    </ClInclude>
    <ClInclude Include="..\..\..\addons\ofxCv\libs\ofxCv\include\ofxCv\Utilities.h">
      <Filter>addons\ofxCv</Filter>
    </ClInclude>
    <ClInclude Include="..\..\..\addons\ofxCv\libs\ofxCv\include\ofxCv\Wrappers.h">
      <Filter>addons\ofxCv</Filter>
    </ClInclude>
    <ClInclude Include="..\..\..\addons\ofxCv\src\ofxCv.h">
      <Filter>addons\ofxCv</Filter>
    </ClInclude>
    <ClInclude Include="..\..\..\addons\ofxMSAInteractiveObject\src\ofxMSAInteractiveObjectDelegate.h">
      <Filter>addons\ofxMSAInteractiveObject</Filter>
    </ClInclude>
    <ClInclude Include="..\..\..\addons\ofxMSAInteractiveObject\src\ofxMSAInteractiveObject.h">
      <Filter>addons\ofxMSAInteractiveObject</Filter>
    </ClInclude>
    <ClInclude Include="..\..\..\addons\ofxRGBDepth\src\ofxRGBDAlignment.h">
      <Filter>addons\ofxRGBDepth</Filter>
    </ClInclude>
    <ClInclude Include="..\..\..\addons\ofxXmlSettings\libs\tinyxml.h">
      <Filter>addons\ofxXmlSettings</Filter>
    </ClInclude>
    <ClInclude Include="..\..\..\addons\ofxXmlSettings\src\ofxXmlSettings.h">
      <Filter>addons\ofxXmlSettings</Filter>
    </ClInclude>
    <ClInclude Include="..\..\..\addons\ofxRGBDepth\src\ofxCvCheckerboardPreview.h">
      <Filter>addons\ofxRGBDepth</Filter>
    </ClInclude>
  </ItemGroup>
  <ItemGroup>
    <Filter Include="addons">
      <UniqueIdentifier>{d79abca0-5b91-4000-9e03-3b535f96d5b9}</UniqueIdentifier>
    </Filter>
    <Filter Include="addons\ofxRGBDepth">
      <UniqueIdentifier>{69d7e7fd-4a5c-458f-828e-07bb56947bf0}</UniqueIdentifier>
    </Filter>
    <Filter Include="addons\ofxRange">
      <UniqueIdentifier>{69d7e7fd-4a5c-458f-828e-07bb56947bf4}</UniqueIdentifier>
    </Filter>
    <Filter Include="addons\ofxMSAInteractiveObject">
      <UniqueIdentifier>{69d7e7fd-4a5c-458f-828e-07bb56947bf6}</UniqueIdentifier>
    </Filter>
    <Filter Include="addons\ofxCv">
      <UniqueIdentifier>{69d7e7fd-4a5c-458f-828e-07bb56947bf7}</UniqueIdentifier>
    </Filter>
    <Filter Include="addons\ofxXmlSettings">
      <UniqueIdentifier>{1de9e03b-7c9e-4e0f-b717-760ccabd3eaa}</UniqueIdentifier>
    </Filter>
  </ItemGroup>
</Project>